{
	"name": "component-library",
	"version": "0.0.1",
	"lockfileVersion": 1,
	"requires": true,
	"dependencies": {
		"@stencil/angular-output-target": {
			"version": "0.0.1",
			"resolved": "https://registry.npmjs.org/@stencil/angular-output-target/-/angular-output-target-0.0.1.tgz",
			"integrity": "sha512-kp0jZfwTq6TzV745G3IiTk0rVKgMRNWD+JU1Z23m2cCBbzaKkneZp+U8QjuEVI1Gp8UUWYI/f5fUoC+dcejEWQ==",
			"dev": true
		},
		"@stencil/core": {
			"version": "1.8.1",
			"resolved": "https://registry.npmjs.org/@stencil/core/-/core-1.8.1.tgz",
			"integrity": "sha512-VV8bJF6ZeOZyVUQEK4a24O+V4RXUxgAWSHonkNgbJVk7Z+hxfJMBTLGy6uZa9/5/IcKXqrTutIL9giV8WeNkHA==",
			"dev": true,
			"requires": {
				"typescript": "3.7.2"
			}
		},
		"@stencil/react-output-target": {
			"version": "0.0.2",
			"resolved": "https://registry.npmjs.org/@stencil/react-output-target/-/react-output-target-0.0.2.tgz",
			"integrity": "sha512-sIja4vhkQgHZcNt0kChvL3blX74xP/STSAbchLyg2oMCBQU1KxfPYgiw/3zs7NVZsbEDMAVak8bM/oorNQJZYw==",
			"dev": true
		},
		"@stencil/sass": {
			"version": "1.1.1",
			"resolved": "https://registry.npmjs.org/@stencil/sass/-/sass-1.1.1.tgz",
			"integrity": "sha512-Nny3JiFkpQa0RdXWCa4pzhKQYnHuDNzC9c4w35FcaZHXBVuZ1UHSHc7wI7By9SS1auYcySqpPOBVzgoCqXcYVQ==",
			"dev": true
		},
		"@types/node": {
			"version": "12.12.18",
			"resolved": "https://registry.npmjs.org/@types/node/-/node-12.12.18.tgz",
			"integrity": "sha512-DBkZuIMFuAfjJHiunyRc+aNvmXYNwV1IPMgGKGlwCp6zh6MKrVtmvjSWK/axWcD25KJffkXgkfvFra8ndenXAw==",
			"dev": true
		},
		"typescript": {
			"version": "3.7.2",
			"resolved": "https://registry.npmjs.org/typescript/-/typescript-3.7.2.tgz",
			"integrity": "sha512-ml7V7JfiN2Xwvcer+XAf2csGO1bPBdRbFCkYBczNZggrBZ9c7G3riSUeJmqEU5uOtXNPMhE3n+R4FA/3YOAWOQ==",
			"dev": true
		}
	}
}
